
Microsoft Visual Studio Solution File, Format Version 12.00
# Visual Studio Version 16
VisualStudioVersion = 16.0.30204.135
MinimumVisualStudioVersion = 10.0.40219.1
Project("{FAE04EC0-301F-11D3-BF4B-00C04F79EFBC}") = "CoberturaTestes", "CoberturaTestes\CoberturaTestes.csproj", "{7CEC293B-E3DF-4A6A-8B78-899B73FF1CB3}"
EndProject
Project("{FAE04EC0-301F-11D3-BF4B-00C04F79EFBC}") = "CoberturaTestes.Tests", "CoberturaTestes.Tests\CoberturaTestes.Tests.csproj", "{7241EA63-529F-49C3-864C-CC6DD8F397F2}"
EndProject
Global
	GlobalSection(SolutionConfigurationPlatforms) = preSolution
		Debug|Any CPU = Debug|Any CPU
		Release|Any CPU = Release|Any CPU
	EndGlobalSection
	GlobalSection(ProjectConfigurationPlatforms) = postSolution
		{7CEC293B-E3DF-4A6A-8B78-899B73FF1CB3}.Debug|Any CPU.ActiveCfg = Debug|Any CPU
		{7CEC293B-E3DF-4A6A-8B78-899B73FF1CB3}.Debug|Any CPU.Build.0 = Debug|Any CPU
		{7CEC293B-E3DF-4A6A-8B78-899B73FF1CB3}.Release|Any CPU.ActiveCfg = Release|Any CPU
		{7CEC293B-E3DF-4A6A-8B78-899B73FF1CB3}.Release|Any CPU.Build.0 = Release|Any CPU
		{7241EA63-529F-49C3-864C-CC6DD8F397F2}.Debug|Any CPU.ActiveCfg = Debug|Any CPU
		{7241EA63-529F-49C3-864C-CC6DD8F397F2}.Debug|Any CPU.Build.0 = Debug|Any CPU
		{7241EA63-529F-49C3-864C-CC6DD8F397F2}.Release|Any CPU.ActiveCfg = Release|Any CPU
		{7241EA63-529F-49C3-864C-CC6DD8F397F2}.Release|Any CPU.Build.0 = Release|Any CPU
	EndGlobalSection
	GlobalSection(SolutionProperties) = preSolution
		HideSolutionNode = FALSE
	EndGlobalSection
	GlobalSection(ExtensibilityGlobals) = postSolution
		SolutionGuid = {C4279C09-E658-4881-BD7C-A21B0CD9261C}
	EndGlobalSection
EndGlobal
